# This file is automatically @generated by Cargo.
# It is not intended for manual editing.
version = 4

[[package]]
name = "asa-dsp"
version = "0.1.0"
dependencies = [
 "ebur128",
]

[[package]]
name = "bitflags"
version = "1.3.2"
source = "registry+https://github.com/rust-lang/crates.io-index"
checksum = "bef38d45163c2f1dde094a7dfd33ccf595c92905c8f8f4fdc18d06fb1037718a"

[[package]]
name = "dasp_frame"
version = "0.11.0"
source = "registry+https://github.com/rust-lang/crates.io-index"
checksum = "b2a3937f5fe2135702897535c8d4a5553f8b116f76c1529088797f2eee7c5cd6"
dependencies = [
 "dasp_sample",
]

[[package]]
name = "dasp_sample"
version = "0.11.0"
source = "registry+https://github.com/rust-lang/crates.io-index"
checksum = "0c87e182de0887fd5361989c677c4e8f5000cd9491d6d563161a8f3a5519fc7f"

[[package]]
name = "ebur128"
version = "0.1.10"
source = "registry+https://github.com/rust-lang/crates.io-index"
checksum = "e227cc62d64d6fe01abbef48134b9c1f17d470cef1e7a56337ad05b1f81df7f9"
dependencies = [
 "bitflags",
 "dasp_frame",
 "dasp_sample",
 "smallvec",
]

[[package]]
name = "smallvec"
version = "1.15.1"
source = "registry+https://github.com/rust-lang/crates.io-index"
checksum = "67b1b7a3b5fe4f1376887184045fcf45c69e92af734b7aaddc05fb777b6fbd03"
